
Microsoft Visual Studio Solution File, Format Version 12.00
# Visual Studio 15
VisualStudioVersion = 15.0.27703.2035
MinimumVisualStudioVersion = 10.0.40219.1
Project("{8BC9CEB8-8B4A-11D0-8D11-00A0C91BC942}") = "LakeViewHotel", "LakeViewHotel\LakeViewHotel.vcxproj", "{39D7EE91-0039-4A1E-8C48-FB444A7EC717}"
EndProject
Global
	GlobalSection(SolutionConfigurationPlatforms) = preSolution
		Debug|x64 = Debug|x64
		Debug|x86 = Debug|x86
		Release|x64 = Release|x64
		Release|x86 = Release|x86
	EndGlobalSection
	GlobalSection(ProjectConfigurationPlatforms) = postSolution
		{39D7EE91-0039-4A1E-8C48-FB444A7EC717}.Debug|x64.ActiveCfg = Debug|x64
		{39D7EE91-0039-4A1E-8C48-FB444A7EC717}.Debug|x64.Build.0 = Debug|x64
		{39D7EE91-0039-4A1E-8C48-FB444A7EC717}.Debug|x86.ActiveCfg = Debug|Win32
		{39D7EE91-0039-4A1E-8C48-FB444A7EC717}.Debug|x86.Build.0 = Debug|Win32
		{39D7EE91-0039-4A1E-8C48-FB444A7EC717}.Release|x64.ActiveCfg = Release|x64
		{39D7EE91-0039-4A1E-8C48-FB444A7EC717}.Release|x64.Build.0 = Release|x64
		{39D7EE91-0039-4A1E-8C48-FB444A7EC717}.Release|x86.ActiveCfg = Release|Win32
		{39D7EE91-0039-4A1E-8C48-FB444A7EC717}.Release|x86.Build.0 = Release|Win32
	EndGlobalSection
	GlobalSection(SolutionProperties) = preSolution
		HideSolutionNode = FALSE
	EndGlobalSection
	GlobalSection(ExtensibilityGlobals) = postSolution
		SolutionGuid = {D5228472-3491-478F-89DF-F87790B21166}
	EndGlobalSection
EndGlobal
